// !$*UTF8*$!
{
	archiveVersion = 1;
	classes = {
	};
	objectVersion = 46;
	objects = {

/* Begin PBXBuildFile section */
		54DC2C0E1D4DF91400C6195A /* AppDelegate.swift in Sources */ = {isa = PBXBuildFile; fileRef = 54DC2C0D1D4DF91400C6195A /* AppDelegate.swift */; };
		54DC2C101D4DF91400C6195A /* LinksViewController.swift in Sources */ = {isa = PBXBuildFile; fileRef = 54DC2C0F1D4DF91400C6195A /* LinksViewController.swift */; };
		54DC2C131D4DF91400C6195A /* Main.storyboard in Resources */ = {isa = PBXBuildFile; fileRef = 54DC2C111D4DF91400C6195A /* Main.storyboard */; };
		54DC2C151D4DF91400C6195A /* Assets.xcassets in Resources */ = {isa = PBXBuildFile; fileRef = 54DC2C141D4DF91400C6195A /* Assets.xcassets */; };
		54DC2C181D4DF91400C6195A /* LaunchScreen.storyboard in Resources */ = {isa = PBXBuildFile; fileRef = 54DC2C161D4DF91400C6195A /* LaunchScreen.storyboard */; };
		D46F57B9211CA0D0006F3132 /* UnitTestsDemoTests.swift in Sources */ = {isa = PBXBuildFile; fileRef = D46F57B8211CA0D0006F3132 /* UnitTestsDemoTests.swift */; };
/* End PBXBuildFile section */

/* Begin PBXContainerItemProxy section */
		D46F57BB211CA0D0006F3132 /* PBXContainerItemProxy */ = {
			isa = PBXContainerItemProxy;
			containerPortal = 54DC2C021D4DF91400C6195A /* Project object */;
			proxyType = 1;
			remoteGlobalIDString = 54DC2C091D4DF91400C6195A;
			remoteInfo = UnitTestsDemo;
		};
/* End PBXContainerItemProxy section */

/* Begin PBXFileReference section */
		54DC2C0A1D4DF91400C6195A /* UnitTestsDemo.app */ = {isa = PBXFileReference; explicitFileType = wrapper.application; includeInIndex = 0; path = UnitTestsDemo.app; sourceTree = BUILT_PRODUCTS_DIR; };
		54DC2C0D1D4DF91400C6195A /* AppDelegate.swift */ = {isa = PBXFileReference; lastKnownFileType = sourcecode.swift; path = AppDelegate.swift; sourceTree = "<group>"; };
		54DC2C0F1D4DF91400C6195A /* LinksViewController.swift */ = {isa = PBXFileReference; lastKnownFileType = sourcecode.swift; path = LinksViewController.swift; sourceTree = "<group>"; };
		54DC2C121D4DF91400C6195A /* Base */ = {isa = PBXFileReference; lastKnownFileType = file.storyboard; name = Base; path = Base.lproj/Main.storyboard; sourceTree = "<group>"; };
		54DC2C141D4DF91400C6195A /* Assets.xcassets */ = {isa = PBXFileReference; lastKnownFileType = folder.assetcatalog; path = Assets.xcassets; sourceTree = "<group>"; };
		54DC2C171D4DF91400C6195A /* Base */ = {isa = PBXFileReference; lastKnownFileType = file.storyboard; name = Base; path = Base.lproj/LaunchScreen.storyboard; sourceTree = "<group>"; };
		54DC2C191D4DF91400C6195A /* Info.plist */ = {isa = PBXFileReference; lastKnownFileType = text.plist.xml; path = Info.plist; sourceTree = "<group>"; };
		D46F57B6211CA0D0006F3132 /* UnitTestsDemoTests.xctest */ = {isa = PBXFileReference; explicitFileType = wrapper.cfbundle; includeInIndex = 0; path = UnitTestsDemoTests.xctest; sourceTree = BUILT_PRODUCTS_DIR; };
		D46F57B8211CA0D0006F3132 /* UnitTestsDemoTests.swift */ = {isa = PBXFileReference; lastKnownFileType = sourcecode.swift; path = UnitTestsDemoTests.swift; sourceTree = "<group>"; };
		D46F57BA211CA0D0006F3132 /* Info.plist */ = {isa = PBXFileReference; lastKnownFileType = text.plist.xml; path = Info.plist; sourceTree = "<group>"; };
/* End PBXFileReference section */

/* Begin PBXFrameworksBuildPhase section */
		54DC2C071D4DF91400C6195A /* Frameworks */ = {
			isa = PBXFrameworksBuildPhase;
			buildActionMask = 2147483647;
			files = (
			);
			runOnlyForDeploymentPostprocessing = 0;
		};
		D46F57B3211CA0D0006F3132 /* Frameworks */ = {
			isa = PBXFrameworksBuildPhase;
			buildActionMask = 2147483647;
			files = (
			);
			runOnlyForDeploymentPostprocessing = 0;
		};
/* End PBXFrameworksBuildPhase section */

/* Begin PBXGroup section */
		54DC2C011D4DF91400C6195A = {
			isa = PBXGroup;
			children = (
				54DC2C0C1D4DF91400C6195A /* UnitTestsDemo */,
				D46F57B7211CA0D0006F3132 /* UnitTestsDemoTests */,
				54DC2C0B1D4DF91400C6195A /* Products */,
			);
			sourceTree = "<group>";
		};
		54DC2C0B1D4DF91400C6195A /* Products */ = {
			isa = PBXGroup;
			children = (
				54DC2C0A1D4DF91400C6195A /* UnitTestsDemo.app */,
				D46F57B6211CA0D0006F3132 /* UnitTestsDemoTests.xctest */,
			);
			name = Products;
			sourceTree = "<group>";
		};
		54DC2C0C1D4DF91400C6195A /* UnitTestsDemo */ = {
			isa = PBXGroup;
			children = (
				54DC2C0D1D4DF91400C6195A /* AppDelegate.swift */,
				54DC2C0F1D4DF91400C6195A /* LinksViewController.swift */,
				54DC2C111D4DF91400C6195A /* Main.storyboard */,
				54DC2C141D4DF91400C6195A /* Assets.xcassets */,
				54DC2C161D4DF91400C6195A /* LaunchScreen.storyboard */,
				54DC2C191D4DF91400C6195A /* Info.plist */,
			);
			path = UnitTestsDemo;
			sourceTree = "<group>";
		};
		D46F57B7211CA0D0006F3132 /* UnitTestsDemoTests */ = {
			isa = PBXGroup;
			children = (
				D46F57B8211CA0D0006F3132 /* UnitTestsDemoTests.swift */,
				D46F57BA211CA0D0006F3132 /* Info.plist */,
			);
			path = UnitTestsDemoTests;
			sourceTree = "<group>";
		};
/* End PBXGroup section */

/* Begin PBXNativeTarget section */
		54DC2C091D4DF91400C6195A /* UnitTestsDemo */ = {
			isa = PBXNativeTarget;
			buildConfigurationList = 54DC2C1C1D4DF91400C6195A /* Build configuration list for PBXNativeTarget "UnitTestsDemo" */;
			buildPhases = (
				54DC2C061D4DF91400C6195A /* Sources */,
				54DC2C071D4DF91400C6195A /* Frameworks */,
				54DC2C081D4DF91400C6195A /* Resources */,
			);
			buildRules = (
			);
			dependencies = (
			);
			name = UnitTestsDemo;
			productName = UnitTestsDemo;
			productReference = 54DC2C0A1D4DF91400C6195A /* UnitTestsDemo.app */;
			productType = "com.apple.product-type.application";
		};
		D46F57B5211CA0D0006F3132 /* UnitTestsDemoTests */ = {
			isa = PBXNativeTarget;
			buildConfigurationList = D46F57BF211CA0D0006F3132 /* Build configuration list for PBXNativeTarget "UnitTestsDemoTests" */;
			buildPhases = (
				D46F57B2211CA0D0006F3132 /* Sources */,
				D46F57B3211CA0D0006F3132 /* Frameworks */,
				D46F57B4211CA0D0006F3132 /* Resources */,
			);
			buildRules = (
			);
			dependencies = (
				D46F57BC211CA0D0006F3132 /* PBXTargetDependency */,
			);
			name = UnitTestsDemoTests;
			productName = UnitTestsDemoTests;
			productReference = D46F57B6211CA0D0006F3132 /* UnitTestsDemoTests.xctest */;
			productType = "com.apple.product-type.bundle.unit-test";
		};
/* End PBXNativeTarget section */

/* Begin PBXProject section */
		54DC2C021D4DF91400C6195A /* Project object */ = {
			isa = PBXProject;
			attributes = {
				LastSwiftUpdateCheck = 0940;
				LastUpgradeCheck = 0900;
				ORGANIZATIONNAME = CareerFoundry;
				TargetAttributes = {
					54DC2C091D4DF91400C6195A = {
						CreatedOnToolsVersion = 7.3.1;
						LastSwiftMigration = 0900;
					};
					D46F57B5211CA0D0006F3132 = {
						CreatedOnToolsVersion = 9.4.1;
						DevelopmentTeam = NB6843XNJU;
						ProvisioningStyle = Automatic;
						TestTargetID = 54DC2C091D4DF91400C6195A;
					};
				};
			};
			buildConfigurationList = 54DC2C051D4DF91400C6195A /* Build configuration list for PBXProject "UnitTestsDemo" */;
			compatibilityVersion = "Xcode 3.2";
			developmentRegion = English;
			hasScannedForEncodings = 0;
			knownRegions = (
				en,
				Base,
			);
			mainGroup = 54DC2C011D4DF91400C6195A;
			productRefGroup = 54DC2C0B1D4DF91400C6195A /* Products */;
			projectDirPath = "";
			projectRoot = "";
			targets = (
				54DC2C091D4DF91400C6195A /* UnitTestsDemo */,
				D46F57B5211CA0D0006F3132 /* UnitTestsDemoTests */,
			);
		};
/* End PBXProject section */

/* Begin PBXResourcesBuildPhase section */
		54DC2C081D4DF91400C6195A /* Resources */ = {
			isa = PBXResourcesBuildPhase;
			buildActionMask = 2147483647;
			files = (
				54DC2C181D4DF91400C6195A /* LaunchScreen.storyboard in Resources */,
				54DC2C151D4DF91400C6195A /* Assets.xcassets in Resources */,
				54DC2C131D4DF91400C6195A /* Main.storyboard in Resources */,
			);
			runOnlyForDeploymentPostprocessing = 0;
		};
		D46F57B4211CA0D0006F3132 /* Resources */ = {
			isa = PBXResourcesBuildPhase;
			buildActionMask = 2147483647;
			files = (
			);
			runOnlyForDeploymentPostprocessing = 0;
		};
/* End PBXResourcesBuildPhase section */

/* Begin PBXSourcesBuildPhase section */
		54DC2C061D4DF91400C6195A /* Sources */ = {
			isa = PBXSourcesBuildPhase;
			buildActionMask = 2147483647;
			files = (
				54DC2C101D4DF91400C6195A /* LinksViewController.swift in Sources */,
				54DC2C0E1D4DF91400C6195A /* AppDelegate.swift in Sources */,
			);
			runOnlyForDeploymentPostprocessing = 0;
		};
		D46F57B2211CA0D0006F3132 /* Sources */ = {
			isa = PBXSourcesBuildPhase;
			buildActionMask = 2147483647;
			files = (
				D46F57B9211CA0D0006F3132 /* UnitTestsDemoTests.swift in Sources */,
			);
			runOnlyForDeploymentPostprocessing = 0;
		};
/* End PBXSourcesBuildPhase section */

/* Begin PBXTargetDependency section */
		D46F57BC211CA0D0006F3132 /* PBXTargetDependency */ = {
			isa = PBXTargetDependency;
			target = 54DC2C091D4DF91400C6195A /* UnitTestsDemo */;
			targetProxy = D46F57BB211CA0D0006F3132 /* PBXContainerItemProxy */;
		};
/* End PBXTargetDependency section */

/* Begin PBXVariantGroup section */
		54DC2C111D4DF91400C6195A /* Main.storyboard */ = {
			isa = PBXVariantGroup;
			children = (
				54DC2C121D4DF91400C6195A /* Base */,
			);
			name = Main.storyboard;
			sourceTree = "<group>";
		};
		54DC2C161D4DF91400C6195A /* LaunchScreen.storyboard */ = {
			isa = PBXVariantGroup;
			children = (
				54DC2C171D4DF91400C6195A /* Base */,
			);
			name = LaunchScreen.storyboard;
			sourceTree = "<group>";
		};
/* End PBXVariantGroup section */

/* Begin XCBuildConfiguration section */
		54DC2C1A1D4DF91400C6195A /* Debug */ = {
			isa = XCBuildConfiguration;
			buildSettings = {
				ALWAYS_SEARCH_USER_PATHS = NO;
				CLANG_ANALYZER_NONNULL = YES;
				CLANG_CXX_LANGUAGE_STANDARD = "gnu++0x";
				CLANG_CXX_LIBRARY = "libc++";
				CLANG_ENABLE_MODULES = YES;
				CLANG_ENABLE_OBJC_ARC = YES;
				CLANG_WARN_BLOCK_CAPTURE_AUTORELEASING = YES;
				CLANG_WARN_BOOL_CONVERSION = YES;
				CLANG_WARN_COMMA = YES;
				CLANG_WARN_CONSTANT_CONVERSION = YES;
				CLANG_WARN_DIRECT_OBJC_ISA_USAGE = YES_ERROR;
				CLANG_WARN_EMPTY_BODY = YES;
				CLANG_WARN_ENUM_CONVERSION = YES;
				CLANG_WARN_INFINITE_RECURSION = YES;
				CLANG_WARN_INT_CONVERSION = YES;
				CLANG_WARN_NON_LITERAL_NULL_CONVERSION = YES;
				CLANG_WARN_OBJC_LITERAL_CONVERSION = YES;
				CLANG_WARN_OBJC_ROOT_CLASS = YES_ERROR;
				CLANG_WARN_RANGE_LOOP_ANALYSIS = YES;
				CLANG_WARN_STRICT_PROTOTYPES = YES;
				CLANG_WARN_SUSPICIOUS_MOVE = YES;
				CLANG_WARN_UNREACHABLE_CODE = YES;
				CLANG_WARN__DUPLICATE_METHOD_MATCH = YES;
				"CODE_SIGN_IDENTITY[sdk=iphoneos*]" = "iPhone Developer";
				COPY_PHASE_STRIP = NO;
				DEBUG_INFORMATION_FORMAT = dwarf;
				ENABLE_STRICT_OBJC_MSGSEND = YES;
				ENABLE_TESTABILITY = YES;
				GCC_C_LANGUAGE_STANDARD = gnu99;
				GCC_DYNAMIC_NO_PIC = NO;
				GCC_NO_COMMON_BLOCKS = YES;
				GCC_OPTIMIZATION_LEVEL = 0;
				GCC_PREPROCESSOR_DEFINITIONS = (
					"DEBUG=1",
					"$(inherited)",
				);
				GCC_WARN_64_TO_32_BIT_CONVERSION = YES;
				GCC_WARN_ABOUT_RETURN_TYPE = YES_ERROR;
				GCC_WARN_UNDECLARED_SELECTOR = YES;
				GCC_WARN_UNINITIALIZED_AUTOS = YES_AGGRESSIVE;
				GCC_WARN_UNUSED_FUNCTION = YES;
				GCC_WARN_UNUSED_VARIABLE = YES;
				IPHONEOS_DEPLOYMENT_TARGET = 9.3;
				MTL_ENABLE_DEBUG_INFO = YES;
				ONLY_ACTIVE_ARCH = YES;
				SDKROOT = iphoneos;
				SWIFT_OPTIMIZATION_LEVEL = "-Onone";
			};
			name = Debug;
		};
		54DC2C1B1D4DF91400C6195A /* Release */ = {
			isa = XCBuildConfiguration;
			buildSettings = {
				ALWAYS_SEARCH_USER_PATHS = NO;
				CLANG_ANALYZER_NONNULL = YES;
				CLANG_CXX_LANGUAGE_STANDARD = "gnu++0x";
				CLANG_CXX_LIBRARY = "libc++";
				CLANG_ENABLE_MODULES = YES;
				CLANG_ENABLE_OBJC_ARC = YES;
				CLANG_WARN_BLOCK_CAPTURE_AUTORELEASING = YES;
				CLANG_WARN_BOOL_CONVERSION = YES;
				CLANG_WARN_COMMA = YES;
				CLANG_WARN_CONSTANT_CONVERSION = YES;
				CLANG_WARN_DIRECT_OBJC_ISA_USAGE = YES_ERROR;
				CLANG_WARN_EMPTY_BODY = YES;
				CLANG_WARN_ENUM_CONVERSION = YES;
				CLANG_WARN_INFINITE_RECURSION = YES;
				CLANG_WARN_INT_CONVERSION = YES;
				CLANG_WARN_NON_LITERAL_NULL_CONVERSION = YES;
				CLANG_WARN_OBJC_LITERAL_CONVERSION = YES;
				CLANG_WARN_OBJC_ROOT_CLASS = YES_ERROR;
				CLANG_WARN_RANGE_LOOP_ANALYSIS = YES;
				CLANG_WARN_STRICT_PROTOTYPES = YES;
				CLANG_WARN_SUSPICIOUS_MOVE = YES;
				CLANG_WARN_UNREACHABLE_CODE = YES;
				CLANG_WARN__DUPLICATE_METHOD_MATCH = YES;
				"CODE_SIGN_IDENTITY[sdk=iphoneos*]" = "iPhone Developer";
				COPY_PHASE_STRIP = NO;
				DEBUG_INFORMATION_FORMAT = "dwarf-with-dsym";
				ENABLE_NS_ASSERTIONS = NO;
				ENABLE_STRICT_OBJC_MSGSEND = YES;
				GCC_C_LANGUAGE_STANDARD = gnu99;
				GCC_NO_COMMON_BLOCKS = YES;
				GCC_WARN_64_TO_32_BIT_CONVERSION = YES;
				GCC_WARN_ABOUT_RETURN_TYPE = YES_ERROR;
				GCC_WARN_UNDECLARED_SELECTOR = YES;
				GCC_WARN_UNINITIALIZED_AUTOS = YES_AGGRESSIVE;
				GCC_WARN_UNUSED_FUNCTION = YES;
				GCC_WARN_UNUSED_VARIABLE = YES;
				IPHONEOS_DEPLOYMENT_TARGET = 9.3;
				MTL_ENABLE_DEBUG_INFO = NO;
				SDKROOT = iphoneos;
				SWIFT_OPTIMIZATION_LEVEL = "-Owholemodule";
				VALIDATE_PRODUCT = YES;
			};
			name = Release;
		};
		54DC2C1D1D4DF91400C6195A /* Debug */ = {
			isa = XCBuildConfiguration;
			buildSettings = {
				ASSETCATALOG_COMPILER_APPICON_NAME = AppIcon;
				INFOPLIST_FILE = UnitTestsDemo/Info.plist;
				LD_RUNPATH_SEARCH_PATHS = "$(inherited) @executable_path/Frameworks";
				PRODUCT_BUNDLE_IDENTIFIER = com.careerfoundry.UnitTestsDemo;
				PRODUCT_NAME = "$(TARGET_NAME)";
				SWIFT_SWIFT3_OBJC_INFERENCE = Off;
				SWIFT_VERSION = 4.0;
			};
			name = Debug;
		};
		54DC2C1E1D4DF91400C6195A /* Release */ = {
			isa = XCBuildConfiguration;
			buildSettings = {
				ASSETCATALOG_COMPILER_APPICON_NAME = AppIcon;
				INFOPLIST_FILE = UnitTestsDemo/Info.plist;
				LD_RUNPATH_SEARCH_PATHS = "$(inherited) @executable_path/Frameworks";
				PRODUCT_BUNDLE_IDENTIFIER = com.careerfoundry.UnitTestsDemo;
				PRODUCT_NAME = "$(TARGET_NAME)";
				SWIFT_SWIFT3_OBJC_INFERENCE = Off;
				SWIFT_VERSION = 4.0;
			};
			name = Release;
		};
		D46F57BD211CA0D0006F3132 /* Debug */ = {
			isa = XCBuildConfiguration;
			buildSettings = {
				BUNDLE_LOADER = "$(TEST_HOST)";
				CLANG_ANALYZER_NUMBER_OBJECT_CONVERSION = YES_AGGRESSIVE;
				CLANG_CXX_LANGUAGE_STANDARD = "gnu++14";
				CLANG_ENABLE_OBJC_WEAK = YES;
				CLANG_WARN_DEPRECATED_OBJC_IMPLEMENTATIONS = YES;
				CLANG_WARN_DOCUMENTATION_COMMENTS = YES;
				CLANG_WARN_OBJC_IMPLICIT_RETAIN_SELF = YES;
				CLANG_WARN_UNGUARDED_AVAILABILITY = YES_AGGRESSIVE;
				CODE_SIGN_IDENTITY = "iPhone Developer";
				CODE_SIGN_STYLE = Automatic;
				DEVELOPMENT_TEAM = NB6843XNJU;
				GCC_C_LANGUAGE_STANDARD = gnu11;
				INFOPLIST_FILE = UnitTestsDemoTests/Info.plist;
				IPHONEOS_DEPLOYMENT_TARGET = 11.4;
				LD_RUNPATH_SEARCH_PATHS = "$(inherited) @executable_path/Frameworks @loader_path/Frameworks";
				PRODUCT_BUNDLE_IDENTIFIER = mrsobhi.UnitTestsDemoTests;
				PRODUCT_NAME = "$(TARGET_NAME)";
				SWIFT_ACTIVE_COMPILATION_CONDITIONS = DEBUG;
				SWIFT_VERSION = 4.0;
				TARGETED_DEVICE_FAMILY = "1,2";
				TEST_HOST = "$(BUILT_PRODUCTS_DIR)/UnitTestsDemo.app/UnitTestsDemo";
			};
			name = Debug;
		};
		D46F57BE211CA0D0006F3132 /* Release */ = {
			isa = XCBuildConfiguration;
			buildSettings = {
				BUNDLE_LOADER = "$(TEST_HOST)";
				CLANG_ANALYZER_NUMBER_OBJECT_CONVERSION = YES_AGGRESSIVE;
				CLANG_CXX_LANGUAGE_STANDARD = "gnu++14";
				CLANG_ENABLE_OBJC_WEAK = YES;
				CLANG_WARN_DEPRECATED_OBJC_IMPLEMENTATIONS = YES;
				CLANG_WARN_DOCUMENTATION_COMMENTS = YES;
				CLANG_WARN_OBJC_IMPLICIT_RETAIN_SELF = YES;
				CLANG_WARN_UNGUARDED_AVAILABILITY = YES_AGGRESSIVE;
				CODE_SIGN_IDENTITY = "iPhone Developer";
				CODE_SIGN_STYLE = Automatic;
				DEVELOPMENT_TEAM = NB6843XNJU;
				GCC_C_LANGUAGE_STANDARD = gnu11;
				INFOPLIST_FILE = UnitTestsDemoTests/Info.plist;
				IPHONEOS_DEPLOYMENT_TARGET = 11.4;
				LD_RUNPATH_SEARCH_PATHS = "$(inherited) @executable_path/Frameworks @loader_path/Frameworks";
				PRODUCT_BUNDLE_IDENTIFIER = mrsobhi.UnitTestsDemoTests;
				PRODUCT_NAME = "$(TARGET_NAME)";
				SWIFT_VERSION = 4.0;
				TARGETED_DEVICE_FAMILY = "1,2";
				TEST_HOST = "$(BUILT_PRODUCTS_DIR)/UnitTestsDemo.app/UnitTestsDemo";
			};
			name = Release;
		};
/* End XCBuildConfiguration section */

/* Begin XCConfigurationList section */
		54DC2C051D4DF91400C6195A /* Build configuration list for PBXProject "UnitTestsDemo" */ = {
			isa = XCConfigurationList;
			buildConfigurations = (
				54DC2C1A1D4DF91400C6195A /* Debug */,
				54DC2C1B1D4DF91400C6195A /* Release */,
			);
			defaultConfigurationIsVisible = 0;
			defaultConfigurationName = Release;
		};
		54DC2C1C1D4DF91400C6195A /* Build configuration list for PBXNativeTarget "UnitTestsDemo" */ = {
			isa = XCConfigurationList;
			buildConfigurations = (
				54DC2C1D1D4DF91400C6195A /* Debug */,
				54DC2C1E1D4DF91400C6195A /* Release */,
			);
			defaultConfigurationIsVisible = 0;
			defaultConfigurationName = Release;
		};
		D46F57BF211CA0D0006F3132 /* Build configuration list for PBXNativeTarget "UnitTestsDemoTests" */ = {
			isa = XCConfigurationList;
			buildConfigurations = (
				D46F57BD211CA0D0006F3132 /* Debug */,
				D46F57BE211CA0D0006F3132 /* Release */,
			);
			defaultConfigurationIsVisible = 0;
			defaultConfigurationName = Release;
		};
/* End XCConfigurationList section */
	};
	rootObject = 54DC2C021D4DF91400C6195A /* Project object */;
}
